// !$*UTF8*$!
{
	archiveVersion = 1;
	classes = {
	};
	objectVersion = 46;
	objects = {

/* Begin PBXBuildFile section */
		55C3087F1C73950D00087B5C /* AppDelegate.swift in Sources */ = {isa = PBXBuildFile; fileRef = 55C3087E1C73950D00087B5C /* AppDelegate.swift */; };
		55C308811C73950D00087B5C /* MapasViewController.swift in Sources */ = {isa = PBXBuildFile; fileRef = 55C308801C73950D00087B5C /* MapasViewController.swift */; };
		55C308841C73950D00087B5C /* Main.storyboard in Resources */ = {isa = PBXBuildFile; fileRef = 55C308821C73950D00087B5C /* Main.storyboard */; };
		55C308861C73950D00087B5C /* Assets.xcassets in Resources */ = {isa = PBXBuildFile; fileRef = 55C308851C73950D00087B5C /* Assets.xcassets */; };
		55C308891C73950D00087B5C /* LaunchScreen.storyboard in Resources */ = {isa = PBXBuildFile; fileRef = 55C308871C73950D00087B5C /* LaunchScreen.storyboard */; };
		55C308911C739ACE00087B5C /* MeusLugaresViewController.swift in Sources */ = {isa = PBXBuildFile; fileRef = 55C308901C739ACE00087B5C /* MeusLugaresViewController.swift */; };
		55C308931C739D6600087B5C /* CoreLocation.framework in Frameworks */ = {isa = PBXBuildFile; fileRef = 55C308921C739D6600087B5C /* CoreLocation.framework */; };
		55C308951C73FDAE00087B5C /* Array.swift in Sources */ = {isa = PBXBuildFile; fileRef = 55C308941C73FDAE00087B5C /* Array.swift */; };
/* End PBXBuildFile section */

/* Begin PBXFileReference section */
		55C3087B1C73950D00087B5C /* LocaisFavoritos.app */ = {isa = PBXFileReference; explicitFileType = wrapper.application; includeInIndex = 0; path = LocaisFavoritos.app; sourceTree = BUILT_PRODUCTS_DIR; };
		55C3087E1C73950D00087B5C /* AppDelegate.swift */ = {isa = PBXFileReference; lastKnownFileType = sourcecode.swift; path = AppDelegate.swift; sourceTree = "<group>"; };
		55C308801C73950D00087B5C /* MapasViewController.swift */ = {isa = PBXFileReference; lastKnownFileType = sourcecode.swift; path = MapasViewController.swift; sourceTree = "<group>"; };
		55C308831C73950D00087B5C /* Base */ = {isa = PBXFileReference; lastKnownFileType = file.storyboard; name = Base; path = Base.lproj/Main.storyboard; sourceTree = "<group>"; };
		55C308851C73950D00087B5C /* Assets.xcassets */ = {isa = PBXFileReference; lastKnownFileType = folder.assetcatalog; path = Assets.xcassets; sourceTree = "<group>"; };
		55C308881C73950D00087B5C /* Base */ = {isa = PBXFileReference; lastKnownFileType = file.storyboard; name = Base; path = Base.lproj/LaunchScreen.storyboard; sourceTree = "<group>"; };
		55C3088A1C73950D00087B5C /* Info.plist */ = {isa = PBXFileReference; lastKnownFileType = text.plist.xml; path = Info.plist; sourceTree = "<group>"; };
		55C308901C739ACE00087B5C /* MeusLugaresViewController.swift */ = {isa = PBXFileReference; fileEncoding = 4; lastKnownFileType = sourcecode.swift; path = MeusLugaresViewController.swift; sourceTree = "<group>"; };
		55C308921C739D6600087B5C /* CoreLocation.framework */ = {isa = PBXFileReference; lastKnownFileType = wrapper.framework; name = CoreLocation.framework; path = System/Library/Frameworks/CoreLocation.framework; sourceTree = SDKROOT; };
		55C308941C73FDAE00087B5C /* Array.swift */ = {isa = PBXFileReference; fileEncoding = 4; lastKnownFileType = sourcecode.swift; path = Array.swift; sourceTree = "<group>"; };
/* End PBXFileReference section */

/* Begin PBXFrameworksBuildPhase section */
		55C308781C73950D00087B5C /* Frameworks */ = {
			isa = PBXFrameworksBuildPhase;
			buildActionMask = 2147483647;
			files = (
				55C308931C739D6600087B5C /* CoreLocation.framework in Frameworks */,
			);
			runOnlyForDeploymentPostprocessing = 0;
		};
/* End PBXFrameworksBuildPhase section */

/* Begin PBXGroup section */
		55C308721C73950D00087B5C = {
			isa = PBXGroup;
			children = (
				55C308921C739D6600087B5C /* CoreLocation.framework */,
				55C3087D1C73950D00087B5C /* LocaisFavoritos */,
				55C3087C1C73950D00087B5C /* Products */,
			);
			sourceTree = "<group>";
		};
		55C3087C1C73950D00087B5C /* Products */ = {
			isa = PBXGroup;
			children = (
				55C3087B1C73950D00087B5C /* LocaisFavoritos.app */,
			);
			name = Products;
			sourceTree = "<group>";
		};
		55C3087D1C73950D00087B5C /* LocaisFavoritos */ = {
			isa = PBXGroup;
			children = (
				55C3087E1C73950D00087B5C /* AppDelegate.swift */,
				55C308801C73950D00087B5C /* MapasViewController.swift */,
				55C308901C739ACE00087B5C /* MeusLugaresViewController.swift */,
				55C308821C73950D00087B5C /* Main.storyboard */,
				55C308941C73FDAE00087B5C /* Array.swift */,
				55C308851C73950D00087B5C /* Assets.xcassets */,
				55C308871C73950D00087B5C /* LaunchScreen.storyboard */,
				55C3088A1C73950D00087B5C /* Info.plist */,
			);
			path = LocaisFavoritos;
			sourceTree = "<group>";
		};
/* End PBXGroup section */

/* Begin PBXNativeTarget section */
		55C3087A1C73950D00087B5C /* LocaisFavoritos */ = {
			isa = PBXNativeTarget;
			buildConfigurationList = 55C3088D1C73950D00087B5C /* Build configuration list for PBXNativeTarget "LocaisFavoritos" */;
			buildPhases = (
				55C308771C73950D00087B5C /* Sources */,
				55C308781C73950D00087B5C /* Frameworks */,
				55C308791C73950D00087B5C /* Resources */,
			);
			buildRules = (
			);
			dependencies = (
			);
			name = LocaisFavoritos;
			productName = LocaisFavoritos;
			productReference = 55C3087B1C73950D00087B5C /* LocaisFavoritos.app */;
			productType = "com.apple.product-type.application";
		};
/* End PBXNativeTarget section */

/* Begin PBXProject section */
		55C308731C73950D00087B5C /* Project object */ = {
			isa = PBXProject;
			attributes = {
				LastSwiftUpdateCheck = 0720;
				LastUpgradeCheck = 0720;
				ORGANIZATIONNAME = "Fernando Augusto de Marins";
				TargetAttributes = {
					55C3087A1C73950D00087B5C = {
						CreatedOnToolsVersion = 7.2.1;
					};
				};
			};
			buildConfigurationList = 55C308761C73950D00087B5C /* Build configuration list for PBXProject "LocaisFavoritos" */;
			compatibilityVersion = "Xcode 3.2";
			developmentRegion = English;
			hasScannedForEncodings = 0;
			knownRegions = (
				en,
				Base,
			);
			mainGroup = 55C308721C73950D00087B5C;
			productRefGroup = 55C3087C1C73950D00087B5C /* Products */;
			projectDirPath = "";
			projectRoot = "";
			targets = (
				55C3087A1C73950D00087B5C /* LocaisFavoritos */,
			);
		};
/* End PBXProject section */

/* Begin PBXResourcesBuildPhase section */
		55C308791C73950D00087B5C /* Resources */ = {
			isa = PBXResourcesBuildPhase;
			buildActionMask = 2147483647;
			files = (
				55C308891C73950D00087B5C /* LaunchScreen.storyboard in Resources */,
				55C308861C73950D00087B5C /* Assets.xcassets in Resources */,
				55C308841C73950D00087B5C /* Main.storyboard in Resources */,
			);
			runOnlyForDeploymentPostprocessing = 0;
		};
/* End PBXResourcesBuildPhase section */

/* Begin PBXSourcesBuildPhase section */
		55C308771C73950D00087B5C /* Sources */ = {
			isa = PBXSourcesBuildPhase;
			buildActionMask = 2147483647;
			files = (
				55C308811C73950D00087B5C /* MapasViewController.swift in Sources */,
				55C308951C73FDAE00087B5C /* Array.swift in Sources */,
				55C3087F1C73950D00087B5C /* AppDelegate.swift in Sources */,
				55C308911C739ACE00087B5C /* MeusLugaresViewController.swift in Sources */,
			);
			runOnlyForDeploymentPostprocessing = 0;
		};
/* End PBXSourcesBuildPhase section */

/* Begin PBXVariantGroup section */
		55C308821C73950D00087B5C /* Main.storyboard */ = {
			isa = PBXVariantGroup;
			children = (
				55C308831C73950D00087B5C /* Base */,
			);
			name = Main.storyboard;
			sourceTree = "<group>";
		};
		55C308871C73950D00087B5C /* LaunchScreen.storyboard */ = {
			isa = PBXVariantGroup;
			children = (
				55C308881C73950D00087B5C /* Base */,
			);
			name = LaunchScreen.storyboard;
			sourceTree = "<group>";
		};
/* End PBXVariantGroup section */

/* Begin XCBuildConfiguration section */
		55C3088B1C73950D00087B5C /* Debug */ = {
			isa = XCBuildConfiguration;
			buildSettings = {
				ALWAYS_SEARCH_USER_PATHS = NO;
				CLANG_CXX_LANGUAGE_STANDARD = "gnu++0x";
				CLANG_CXX_LIBRARY = "libc++";
				CLANG_ENABLE_MODULES = YES;
				CLANG_ENABLE_OBJC_ARC = YES;
				CLANG_WARN_BOOL_CONVERSION = YES;
				CLANG_WARN_CONSTANT_CONVERSION = YES;
				CLANG_WARN_DIRECT_OBJC_ISA_USAGE = YES_ERROR;
				CLANG_WARN_EMPTY_BODY = YES;
				CLANG_WARN_ENUM_CONVERSION = YES;
				CLANG_WARN_INT_CONVERSION = YES;
				CLANG_WARN_OBJC_ROOT_CLASS = YES_ERROR;
				CLANG_WARN_UNREACHABLE_CODE = YES;
				CLANG_WARN__DUPLICATE_METHOD_MATCH = YES;
				"CODE_SIGN_IDENTITY[sdk=iphoneos*]" = "iPhone Developer";
				COPY_PHASE_STRIP = NO;
				DEBUG_INFORMATION_FORMAT = dwarf;
				ENABLE_STRICT_OBJC_MSGSEND = YES;
				ENABLE_TESTABILITY = YES;
				GCC_C_LANGUAGE_STANDARD = gnu99;
				GCC_DYNAMIC_NO_PIC = NO;
				GCC_NO_COMMON_BLOCKS = YES;
				GCC_OPTIMIZATION_LEVEL = 0;
				GCC_PREPROCESSOR_DEFINITIONS = (
					"DEBUG=1",
					"$(inherited)",
				);
				GCC_WARN_64_TO_32_BIT_CONVERSION = YES;
				GCC_WARN_ABOUT_RETURN_TYPE = YES_ERROR;
				GCC_WARN_UNDECLARED_SELECTOR = YES;
				GCC_WARN_UNINITIALIZED_AUTOS = YES_AGGRESSIVE;
				GCC_WARN_UNUSED_FUNCTION = YES;
				GCC_WARN_UNUSED_VARIABLE = YES;
				IPHONEOS_DEPLOYMENT_TARGET = 9.2;
				MTL_ENABLE_DEBUG_INFO = YES;
				ONLY_ACTIVE_ARCH = YES;
				SDKROOT = iphoneos;
				SWIFT_OPTIMIZATION_LEVEL = "-Onone";
			};
			name = Debug;
		};
		55C3088C1C73950D00087B5C /* Release */ = {
			isa = XCBuildConfiguration;
			buildSettings = {
				ALWAYS_SEARCH_USER_PATHS = NO;
				CLANG_CXX_LANGUAGE_STANDARD = "gnu++0x";
				CLANG_CXX_LIBRARY = "libc++";
				CLANG_ENABLE_MODULES = YES;
				CLANG_ENABLE_OBJC_ARC = YES;
				CLANG_WARN_BOOL_CONVERSION = YES;
				CLANG_WARN_CONSTANT_CONVERSION = YES;
				CLANG_WARN_DIRECT_OBJC_ISA_USAGE = YES_ERROR;
				CLANG_WARN_EMPTY_BODY = YES;
				CLANG_WARN_ENUM_CONVERSION = YES;
				CLANG_WARN_INT_CONVERSION = YES;
				CLANG_WARN_OBJC_ROOT_CLASS = YES_ERROR;
				CLANG_WARN_UNREACHABLE_CODE = YES;
				CLANG_WARN__DUPLICATE_METHOD_MATCH = YES;
				"CODE_SIGN_IDENTITY[sdk=iphoneos*]" = "iPhone Developer";
				COPY_PHASE_STRIP = NO;
				DEBUG_INFORMATION_FORMAT = "dwarf-with-dsym";
				ENABLE_NS_ASSERTIONS = NO;
				ENABLE_STRICT_OBJC_MSGSEND = YES;
				GCC_C_LANGUAGE_STANDARD = gnu99;
				GCC_NO_COMMON_BLOCKS = YES;
				GCC_WARN_64_TO_32_BIT_CONVERSION = YES;
				GCC_WARN_ABOUT_RETURN_TYPE = YES_ERROR;
				GCC_WARN_UNDECLARED_SELECTOR = YES;
				GCC_WARN_UNINITIALIZED_AUTOS = YES_AGGRESSIVE;
				GCC_WARN_UNUSED_FUNCTION = YES;
				GCC_WARN_UNUSED_VARIABLE = YES;
				IPHONEOS_DEPLOYMENT_TARGET = 9.2;
				MTL_ENABLE_DEBUG_INFO = NO;
				SDKROOT = iphoneos;
				VALIDATE_PRODUCT = YES;
			};
			name = Release;
		};
		55C3088E1C73950D00087B5C /* Debug */ = {
			isa = XCBuildConfiguration;
			buildSettings = {
				ASSETCATALOG_COMPILER_APPICON_NAME = AppIcon;
				INFOPLIST_FILE = LocaisFavoritos/Info.plist;
				LD_RUNPATH_SEARCH_PATHS = "$(inherited) @executable_path/Frameworks";
				PRODUCT_BUNDLE_IDENTIFIER = com.marinsfernando.LocaisFavoritos;
				PRODUCT_NAME = "$(TARGET_NAME)";
			};
			name = Debug;
		};
		55C3088F1C73950D00087B5C /* Release */ = {
			isa = XCBuildConfiguration;
			buildSettings = {
				ASSETCATALOG_COMPILER_APPICON_NAME = AppIcon;
				INFOPLIST_FILE = LocaisFavoritos/Info.plist;
				LD_RUNPATH_SEARCH_PATHS = "$(inherited) @executable_path/Frameworks";
				PRODUCT_BUNDLE_IDENTIFIER = com.marinsfernando.LocaisFavoritos;
				PRODUCT_NAME = "$(TARGET_NAME)";
			};
			name = Release;
		};
/* End XCBuildConfiguration section */

/* Begin XCConfigurationList section */
		55C308761C73950D00087B5C /* Build configuration list for PBXProject "LocaisFavoritos" */ = {
			isa = XCConfigurationList;
			buildConfigurations = (
				55C3088B1C73950D00087B5C /* Debug */,
				55C3088C1C73950D00087B5C /* Release */,
			);
			defaultConfigurationIsVisible = 0;
			defaultConfigurationName = Release;
		};
		55C3088D1C73950D00087B5C /* Build configuration list for PBXNativeTarget "LocaisFavoritos" */ = {
			isa = XCConfigurationList;
			buildConfigurations = (
				55C3088E1C73950D00087B5C /* Debug */,
				55C3088F1C73950D00087B5C /* Release */,
			);
			defaultConfigurationIsVisible = 0;
		};
/* End XCConfigurationList section */
	};
	rootObject = 55C308731C73950D00087B5C /* Project object */;
}
